
Microsoft Visual Studio Solution File, Format Version 12.00
# Visual Studio Version 17
VisualStudioVersion = 17.5.33516.290
MinimumVisualStudioVersion = 10.0.40219.1
Project("{FAE04EC0-301F-11D3-BF4B-00C04F79EFBC}") = "PetShop", "PetShop\PetShop.csproj", "{00797EEE-32D2-4DA6-900B-1F6985C47A44}"
EndProject
Global
	GlobalSection(SolutionConfigurationPlatforms) = preSolution
		Debug|Any CPU = Debug|Any CPU
		Release|Any CPU = Release|Any CPU
	EndGlobalSection
	GlobalSection(ProjectConfigurationPlatforms) = postSolution
		{00797EEE-32D2-4DA6-900B-1F6985C47A44}.Debug|Any CPU.ActiveCfg = Debug|Any CPU
		{00797EEE-32D2-4DA6-900B-1F6985C47A44}.Debug|Any CPU.Build.0 = Debug|Any CPU
		{00797EEE-32D2-4DA6-900B-1F6985C47A44}.Release|Any CPU.ActiveCfg = Release|Any CPU
		{00797EEE-32D2-4DA6-900B-1F6985C47A44}.Release|Any CPU.Build.0 = Release|Any CPU
	EndGlobalSection
	GlobalSection(SolutionProperties) = preSolution
		HideSolutionNode = FALSE
	EndGlobalSection
	GlobalSection(ExtensibilityGlobals) = postSolution
		SolutionGuid = {08149BD1-C356-4B04-8C96-2186313A4409}
	EndGlobalSection
EndGlobal
